{
  "name": "ts-dep-test",
  "version": "0.1.0",
  "lockfileVersion": 1,
  "requires": true,
  "dependencies": {
    "@types/ramda": {
      "version": "0.26.35",
      "resolved": "https://registry.npmjs.org/@types/ramda/-/ramda-0.26.35.tgz",
      "integrity": "sha512-vbzC2BzFn8hE80JG11O0QLoruvtqRIMB7eRpsfMI3pJk6p9zgGi+FEs49m/xvHW1IgibnhEUo8g6rBo0U/xZJg==",
      "requires": {
        "ts-toolbelt": "^4.10.7"
      }
    },
    "ramda": {
      "version": "0.26.1",
      "resolved": "https://registry.npmjs.org/ramda/-/ramda-0.26.1.tgz",
      "integrity": "sha512-hLWjpy7EnsDBb0p+Z3B7rPi3GDeRG5ZtiI33kJhTt+ORCd38AbAIjB/9zRIUoeTbE/AVX5ZkU7m6bznsvrf8eQ=="
    },
    "ts-toolbelt": {
      "version": "4.10.13",
      "resolved": "https://registry.npmjs.org/ts-toolbelt/-/ts-toolbelt-4.10.13.tgz",
      "integrity": "sha512-GsbacJF1pH8D9uWicfFfNLHyFlxmtbKDEmXjdZoFUON5jlc6x51ofMyw8c/99zYDaCnx9+Y/oo+jxLKUI56sUg=="
    },
    "typescript": {
      "version": "3.7.2",
      "resolved": "https://registry.npmjs.org/typescript/-/typescript-3.7.2.tgz",
      "integrity": "sha512-ml7V7JfiN2Xwvcer+XAf2csGO1bPBdRbFCkYBczNZggrBZ9c7G3riSUeJmqEU5uOtXNPMhE3n+R4FA/3YOAWOQ==",
      "dev": true
    }
  }
}
